// !$*UTF8*$!
{
	archiveVersion = 1;
	classes = {
	};
	objectVersion = 50;
	objects = {

/* Begin PBXBuildFile section */
		CA32EC0F23A7148D00AAC08B /* Glee_ClubTests.swift in Sources */ = {isa = PBXBuildFile; fileRef = CA32EC0E23A7148D00AAC08B /* Glee_ClubTests.swift */; };
		CA32EC1A23A7148D00AAC08B /* Glee_ClubUITests.swift in Sources */ = {isa = PBXBuildFile; fileRef = CA32EC1923A7148D00AAC08B /* Glee_ClubUITests.swift */; };
		CA32EC2F23A714D800AAC08B /* ViewController.swift in Sources */ = {isa = PBXBuildFile; fileRef = CA32EC2823A714D700AAC08B /* ViewController.swift */; };
		CA32EC3023A714D800AAC08B /* AppDelegate.swift in Sources */ = {isa = PBXBuildFile; fileRef = CA32EC2923A714D700AAC08B /* AppDelegate.swift */; };
		CA32EC3123A714D800AAC08B /* MultipeerSession.swift in Sources */ = {isa = PBXBuildFile; fileRef = CA32EC2A23A714D800AAC08B /* MultipeerSession.swift */; };
		CA32EC3223A714D800AAC08B /* RoundedButton.swift in Sources */ = {isa = PBXBuildFile; fileRef = CA32EC2B23A714D800AAC08B /* RoundedButton.swift */; };
		CA32EC3323A714D800AAC08B /* Main.storyboard in Resources */ = {isa = PBXBuildFile; fileRef = CA32EC2C23A714D800AAC08B /* Main.storyboard */; };
		CA32EC3423A714D800AAC08B /* Utilities.swift in Sources */ = {isa = PBXBuildFile; fileRef = CA32EC2E23A714D800AAC08B /* Utilities.swift */; };
		CA32EC3A23A714F400AAC08B /* LaunchScreen.storyboard in Resources */ = {isa = PBXBuildFile; fileRef = CA32EC3623A714F400AAC08B /* LaunchScreen.storyboard */; };
		CA32EC3E23A7157D00AAC08B /* Assets.xcassets in Resources */ = {isa = PBXBuildFile; fileRef = CA32EC3C23A7157C00AAC08B /* Assets.xcassets */; };
		CA32EC3F23A7157D00AAC08B /* Assets.scnassets in Resources */ = {isa = PBXBuildFile; fileRef = CA32EC3D23A7157D00AAC08B /* Assets.scnassets */; };
		CA32EC4123A7183600AAC08B /* CommentController.swift in Sources */ = {isa = PBXBuildFile; fileRef = CA32EC4023A7183600AAC08B /* CommentController.swift */; };
		CA32EC4323A7184300AAC08B /* CommentList.swift in Sources */ = {isa = PBXBuildFile; fileRef = CA32EC4223A7184300AAC08B /* CommentList.swift */; };
		CA32EC4823A71CA300AAC08B /* Corps.mp3 in Resources */ = {isa = PBXBuildFile; fileRef = CA32EC4723A71CA300AAC08B /* Corps.mp3 */; };
/* End PBXBuildFile section */

/* Begin PBXContainerItemProxy section */
		CA32EC0B23A7148D00AAC08B /* PBXContainerItemProxy */ = {
			isa = PBXContainerItemProxy;
			containerPortal = CA32EBEC23A7148C00AAC08B /* Project object */;
			proxyType = 1;
			remoteGlobalIDString = CA32EBF323A7148C00AAC08B;
			remoteInfo = "Glee Club";
		};
		CA32EC1623A7148D00AAC08B /* PBXContainerItemProxy */ = {
			isa = PBXContainerItemProxy;
			containerPortal = CA32EBEC23A7148C00AAC08B /* Project object */;
			proxyType = 1;
			remoteGlobalIDString = CA32EBF323A7148C00AAC08B;
			remoteInfo = "Glee Club";
		};
/* End PBXContainerItemProxy section */

/* Begin PBXFileReference section */
		CA32EBF423A7148C00AAC08B /* Glee Club.app */ = {isa = PBXFileReference; explicitFileType = wrapper.application; includeInIndex = 0; path = "Glee Club.app"; sourceTree = BUILT_PRODUCTS_DIR; };
		CA32EC0523A7148C00AAC08B /* Info.plist */ = {isa = PBXFileReference; lastKnownFileType = text.plist.xml; path = Info.plist; sourceTree = "<group>"; };
		CA32EC0A23A7148D00AAC08B /* Glee ClubTests.xctest */ = {isa = PBXFileReference; explicitFileType = wrapper.cfbundle; includeInIndex = 0; path = "Glee ClubTests.xctest"; sourceTree = BUILT_PRODUCTS_DIR; };
		CA32EC0E23A7148D00AAC08B /* Glee_ClubTests.swift */ = {isa = PBXFileReference; lastKnownFileType = sourcecode.swift; path = Glee_ClubTests.swift; sourceTree = "<group>"; };
		CA32EC1023A7148D00AAC08B /* Info.plist */ = {isa = PBXFileReference; lastKnownFileType = text.plist.xml; path = Info.plist; sourceTree = "<group>"; };
		CA32EC1523A7148D00AAC08B /* Glee ClubUITests.xctest */ = {isa = PBXFileReference; explicitFileType = wrapper.cfbundle; includeInIndex = 0; path = "Glee ClubUITests.xctest"; sourceTree = BUILT_PRODUCTS_DIR; };
		CA32EC1923A7148D00AAC08B /* Glee_ClubUITests.swift */ = {isa = PBXFileReference; lastKnownFileType = sourcecode.swift; path = Glee_ClubUITests.swift; sourceTree = "<group>"; };
		CA32EC1B23A7148D00AAC08B /* Info.plist */ = {isa = PBXFileReference; lastKnownFileType = text.plist.xml; path = Info.plist; sourceTree = "<group>"; };
		CA32EC2723A714D700AAC08B /* Glee Club-Bridging-Header.h */ = {isa = PBXFileReference; lastKnownFileType = sourcecode.c.h; path = "Glee Club-Bridging-Header.h"; sourceTree = "<group>"; };
		CA32EC2823A714D700AAC08B /* ViewController.swift */ = {isa = PBXFileReference; fileEncoding = 4; lastKnownFileType = sourcecode.swift; name = ViewController.swift; path = "../../../../Downloads/CreatingAMultiuserARExperience/Glee Club/ViewController.swift"; sourceTree = "<group>"; };
		CA32EC2923A714D700AAC08B /* AppDelegate.swift */ = {isa = PBXFileReference; fileEncoding = 4; lastKnownFileType = sourcecode.swift; name = AppDelegate.swift; path = "../../../../Downloads/CreatingAMultiuserARExperience/Glee Club/AppDelegate.swift"; sourceTree = "<group>"; };
		CA32EC2A23A714D800AAC08B /* MultipeerSession.swift */ = {isa = PBXFileReference; fileEncoding = 4; lastKnownFileType = sourcecode.swift; name = MultipeerSession.swift; path = "../../../../Downloads/CreatingAMultiuserARExperience/Glee Club/MultipeerSession.swift"; sourceTree = "<group>"; };
		CA32EC2B23A714D800AAC08B /* RoundedButton.swift */ = {isa = PBXFileReference; fileEncoding = 4; lastKnownFileType = sourcecode.swift; name = RoundedButton.swift; path = "../../../../Downloads/CreatingAMultiuserARExperience/Glee Club/RoundedButton.swift"; sourceTree = "<group>"; };
		CA32EC2D23A714D800AAC08B /* Base */ = {isa = PBXFileReference; lastKnownFileType = file.storyboard; name = Base; path = "../../../../Downloads/CreatingAMultiuserARExperience/Glee Club/Base.lproj/Main.storyboard"; sourceTree = "<group>"; };
		CA32EC2E23A714D800AAC08B /* Utilities.swift */ = {isa = PBXFileReference; fileEncoding = 4; lastKnownFileType = sourcecode.swift; name = Utilities.swift; path = "../../../../Downloads/CreatingAMultiuserARExperience/Glee Club/Utilities.swift"; sourceTree = "<group>"; };
		CA32EC3723A714F400AAC08B /* Base */ = {isa = PBXFileReference; lastKnownFileType = file.storyboard; name = Base; path = "../../../../Downloads/CreatingAMultiuserARExperience/Glee Club/Base.lproj/LaunchScreen.storyboard"; sourceTree = "<group>"; };
		CA32EC3C23A7157C00AAC08B /* Assets.xcassets */ = {isa = PBXFileReference; lastKnownFileType = folder.assetcatalog; path = Assets.xcassets; sourceTree = "<group>"; };
		CA32EC3D23A7157D00AAC08B /* Assets.scnassets */ = {isa = PBXFileReference; lastKnownFileType = wrapper.scnassets; path = Assets.scnassets; sourceTree = "<group>"; };
		CA32EC4023A7183600AAC08B /* CommentController.swift */ = {isa = PBXFileReference; fileEncoding = 4; lastKnownFileType = sourcecode.swift; name = CommentController.swift; path = ../../book/book/CommentController.swift; sourceTree = "<group>"; };
		CA32EC4223A7184300AAC08B /* CommentList.swift */ = {isa = PBXFileReference; fileEncoding = 4; lastKnownFileType = sourcecode.swift; name = CommentList.swift; path = ../../book/book/CommentList.swift; sourceTree = "<group>"; };
		CA32EC4723A71CA300AAC08B /* Corps.mp3 */ = {isa = PBXFileReference; lastKnownFileType = audio.mp3; path = Corps.mp3; sourceTree = "<group>"; };
/* End PBXFileReference section */

/* Begin PBXFrameworksBuildPhase section */
		CA32EBF123A7148C00AAC08B /* Frameworks */ = {
			isa = PBXFrameworksBuildPhase;
			buildActionMask = 2147483647;
			files = (
			);
			runOnlyForDeploymentPostprocessing = 0;
		};
		CA32EC0723A7148D00AAC08B /* Frameworks */ = {
			isa = PBXFrameworksBuildPhase;
			buildActionMask = 2147483647;
			files = (
			);
			runOnlyForDeploymentPostprocessing = 0;
		};
		CA32EC1223A7148D00AAC08B /* Frameworks */ = {
			isa = PBXFrameworksBuildPhase;
			buildActionMask = 2147483647;
			files = (
			);
			runOnlyForDeploymentPostprocessing = 0;
		};
/* End PBXFrameworksBuildPhase section */

/* Begin PBXGroup section */
		CA32EBEB23A7148C00AAC08B = {
			isa = PBXGroup;
			children = (
				CA32EBF623A7148C00AAC08B /* Glee Club */,
				CA32EC0D23A7148D00AAC08B /* Glee ClubTests */,
				CA32EC1823A7148D00AAC08B /* Glee ClubUITests */,
				CA32EBF523A7148C00AAC08B /* Products */,
			);
			sourceTree = "<group>";
		};
		CA32EBF523A7148C00AAC08B /* Products */ = {
			isa = PBXGroup;
			children = (
				CA32EBF423A7148C00AAC08B /* Glee Club.app */,
				CA32EC0A23A7148D00AAC08B /* Glee ClubTests.xctest */,
				CA32EC1523A7148D00AAC08B /* Glee ClubUITests.xctest */,
			);
			name = Products;
			sourceTree = "<group>";
		};
		CA32EBF623A7148C00AAC08B /* Glee Club */ = {
			isa = PBXGroup;
			children = (
				CA32EC4623A71C1700AAC08B /* Music */,
				CA32EC3623A714F400AAC08B /* LaunchScreen.storyboard */,
				CA32EC3D23A7157D00AAC08B /* Assets.scnassets */,
				CA32EC3C23A7157C00AAC08B /* Assets.xcassets */,
				CA32EC2923A714D700AAC08B /* AppDelegate.swift */,
				CA32EC2C23A714D800AAC08B /* Main.storyboard */,
				CA32EC2A23A714D800AAC08B /* MultipeerSession.swift */,
				CA32EC2B23A714D800AAC08B /* RoundedButton.swift */,
				CA32EC2E23A714D800AAC08B /* Utilities.swift */,
				CA32EC4023A7183600AAC08B /* CommentController.swift */,
				CA32EC2823A714D700AAC08B /* ViewController.swift */,
				CA32EC4223A7184300AAC08B /* CommentList.swift */,
				CA32EC0523A7148C00AAC08B /* Info.plist */,
				CA32EC2723A714D700AAC08B /* Glee Club-Bridging-Header.h */,
			);
			path = "Glee Club";
			sourceTree = "<group>";
		};
		CA32EC0D23A7148D00AAC08B /* Glee ClubTests */ = {
			isa = PBXGroup;
			children = (
				CA32EC0E23A7148D00AAC08B /* Glee_ClubTests.swift */,
				CA32EC1023A7148D00AAC08B /* Info.plist */,
			);
			path = "Glee ClubTests";
			sourceTree = "<group>";
		};
		CA32EC1823A7148D00AAC08B /* Glee ClubUITests */ = {
			isa = PBXGroup;
			children = (
				CA32EC1923A7148D00AAC08B /* Glee_ClubUITests.swift */,
				CA32EC1B23A7148D00AAC08B /* Info.plist */,
			);
			path = "Glee ClubUITests";
			sourceTree = "<group>";
		};
		CA32EC4623A71C1700AAC08B /* Music */ = {
			isa = PBXGroup;
			children = (
				CA32EC4723A71CA300AAC08B /* Corps.mp3 */,
			);
			path = Music;
			sourceTree = "<group>";
		};
/* End PBXGroup section */

/* Begin PBXNativeTarget section */
		CA32EBF323A7148C00AAC08B /* Glee Club */ = {
			isa = PBXNativeTarget;
			buildConfigurationList = CA32EC1E23A7148D00AAC08B /* Build configuration list for PBXNativeTarget "Glee Club" */;
			buildPhases = (
				CA32EBF023A7148C00AAC08B /* Sources */,
				CA32EBF123A7148C00AAC08B /* Frameworks */,
				CA32EBF223A7148C00AAC08B /* Resources */,
			);
			buildRules = (
			);
			dependencies = (
			);
			name = "Glee Club";
			productName = "Glee Club";
			productReference = CA32EBF423A7148C00AAC08B /* Glee Club.app */;
			productType = "com.apple.product-type.application";
		};
		CA32EC0923A7148D00AAC08B /* Glee ClubTests */ = {
			isa = PBXNativeTarget;
			buildConfigurationList = CA32EC2123A7148D00AAC08B /* Build configuration list for PBXNativeTarget "Glee ClubTests" */;
			buildPhases = (
				CA32EC0623A7148D00AAC08B /* Sources */,
				CA32EC0723A7148D00AAC08B /* Frameworks */,
				CA32EC0823A7148D00AAC08B /* Resources */,
			);
			buildRules = (
			);
			dependencies = (
				CA32EC0C23A7148D00AAC08B /* PBXTargetDependency */,
			);
			name = "Glee ClubTests";
			productName = "Glee ClubTests";
			productReference = CA32EC0A23A7148D00AAC08B /* Glee ClubTests.xctest */;
			productType = "com.apple.product-type.bundle.unit-test";
		};
		CA32EC1423A7148D00AAC08B /* Glee ClubUITests */ = {
			isa = PBXNativeTarget;
			buildConfigurationList = CA32EC2423A7148D00AAC08B /* Build configuration list for PBXNativeTarget "Glee ClubUITests" */;
			buildPhases = (
				CA32EC1123A7148D00AAC08B /* Sources */,
				CA32EC1223A7148D00AAC08B /* Frameworks */,
				CA32EC1323A7148D00AAC08B /* Resources */,
			);
			buildRules = (
			);
			dependencies = (
				CA32EC1723A7148D00AAC08B /* PBXTargetDependency */,
			);
			name = "Glee ClubUITests";
			productName = "Glee ClubUITests";
			productReference = CA32EC1523A7148D00AAC08B /* Glee ClubUITests.xctest */;
			productType = "com.apple.product-type.bundle.ui-testing";
		};
/* End PBXNativeTarget section */

/* Begin PBXProject section */
		CA32EBEC23A7148C00AAC08B /* Project object */ = {
			isa = PBXProject;
			attributes = {
				LastSwiftUpdateCheck = 1030;
				LastUpgradeCheck = 1030;
				ORGANIZATIONNAME = XE401;
				TargetAttributes = {
					CA32EBF323A7148C00AAC08B = {
						CreatedOnToolsVersion = 10.3;
						LastSwiftMigration = 1030;
					};
					CA32EC0923A7148D00AAC08B = {
						CreatedOnToolsVersion = 10.3;
						TestTargetID = CA32EBF323A7148C00AAC08B;
					};
					CA32EC1423A7148D00AAC08B = {
						CreatedOnToolsVersion = 10.3;
						TestTargetID = CA32EBF323A7148C00AAC08B;
					};
				};
			};
			buildConfigurationList = CA32EBEF23A7148C00AAC08B /* Build configuration list for PBXProject "Glee Club" */;
			compatibilityVersion = "Xcode 9.3";
			developmentRegion = en;
			hasScannedForEncodings = 0;
			knownRegions = (
				en,
				Base,
			);
			mainGroup = CA32EBEB23A7148C00AAC08B;
			productRefGroup = CA32EBF523A7148C00AAC08B /* Products */;
			projectDirPath = "";
			projectRoot = "";
			targets = (
				CA32EBF323A7148C00AAC08B /* Glee Club */,
				CA32EC0923A7148D00AAC08B /* Glee ClubTests */,
				CA32EC1423A7148D00AAC08B /* Glee ClubUITests */,
			);
		};
/* End PBXProject section */

/* Begin PBXResourcesBuildPhase section */
		CA32EBF223A7148C00AAC08B /* Resources */ = {
			isa = PBXResourcesBuildPhase;
			buildActionMask = 2147483647;
			files = (
				CA32EC3A23A714F400AAC08B /* LaunchScreen.storyboard in Resources */,
				CA32EC3F23A7157D00AAC08B /* Assets.scnassets in Resources */,
				CA32EC4823A71CA300AAC08B /* Corps.mp3 in Resources */,
				CA32EC3E23A7157D00AAC08B /* Assets.xcassets in Resources */,
				CA32EC3323A714D800AAC08B /* Main.storyboard in Resources */,
			);
			runOnlyForDeploymentPostprocessing = 0;
		};
		CA32EC0823A7148D00AAC08B /* Resources */ = {
			isa = PBXResourcesBuildPhase;
			buildActionMask = 2147483647;
			files = (
			);
			runOnlyForDeploymentPostprocessing = 0;
		};
		CA32EC1323A7148D00AAC08B /* Resources */ = {
			isa = PBXResourcesBuildPhase;
			buildActionMask = 2147483647;
			files = (
			);
			runOnlyForDeploymentPostprocessing = 0;
		};
/* End PBXResourcesBuildPhase section */

/* Begin PBXSourcesBuildPhase section */
		CA32EBF023A7148C00AAC08B /* Sources */ = {
			isa = PBXSourcesBuildPhase;
			buildActionMask = 2147483647;
			files = (
				CA32EC3123A714D800AAC08B /* MultipeerSession.swift in Sources */,
				CA32EC3023A714D800AAC08B /* AppDelegate.swift in Sources */,
				CA32EC2F23A714D800AAC08B /* ViewController.swift in Sources */,
				CA32EC3423A714D800AAC08B /* Utilities.swift in Sources */,
				CA32EC3223A714D800AAC08B /* RoundedButton.swift in Sources */,
				CA32EC4323A7184300AAC08B /* CommentList.swift in Sources */,
				CA32EC4123A7183600AAC08B /* CommentController.swift in Sources */,
			);
			runOnlyForDeploymentPostprocessing = 0;
		};
		CA32EC0623A7148D00AAC08B /* Sources */ = {
			isa = PBXSourcesBuildPhase;
			buildActionMask = 2147483647;
			files = (
				CA32EC0F23A7148D00AAC08B /* Glee_ClubTests.swift in Sources */,
			);
			runOnlyForDeploymentPostprocessing = 0;
		};
		CA32EC1123A7148D00AAC08B /* Sources */ = {
			isa = PBXSourcesBuildPhase;
			buildActionMask = 2147483647;
			files = (
				CA32EC1A23A7148D00AAC08B /* Glee_ClubUITests.swift in Sources */,
			);
			runOnlyForDeploymentPostprocessing = 0;
		};
/* End PBXSourcesBuildPhase section */

/* Begin PBXTargetDependency section */
		CA32EC0C23A7148D00AAC08B /* PBXTargetDependency */ = {
			isa = PBXTargetDependency;
			target = CA32EBF323A7148C00AAC08B /* Glee Club */;
			targetProxy = CA32EC0B23A7148D00AAC08B /* PBXContainerItemProxy */;
		};
		CA32EC1723A7148D00AAC08B /* PBXTargetDependency */ = {
			isa = PBXTargetDependency;
			target = CA32EBF323A7148C00AAC08B /* Glee Club */;
			targetProxy = CA32EC1623A7148D00AAC08B /* PBXContainerItemProxy */;
		};
/* End PBXTargetDependency section */

/* Begin PBXVariantGroup section */
		CA32EC2C23A714D800AAC08B /* Main.storyboard */ = {
			isa = PBXVariantGroup;
			children = (
				CA32EC2D23A714D800AAC08B /* Base */,
			);
			name = Main.storyboard;
			sourceTree = "<group>";
		};
		CA32EC3623A714F400AAC08B /* LaunchScreen.storyboard */ = {
			isa = PBXVariantGroup;
			children = (
				CA32EC3723A714F400AAC08B /* Base */,
			);
			name = LaunchScreen.storyboard;
			sourceTree = "<group>";
		};
/* End PBXVariantGroup section */

/* Begin XCBuildConfiguration section */
		CA32EC1C23A7148D00AAC08B /* Debug */ = {
			isa = XCBuildConfiguration;
			buildSettings = {
				ALWAYS_SEARCH_USER_PATHS = NO;
				CLANG_ANALYZER_NONNULL = YES;
				CLANG_ANALYZER_NUMBER_OBJECT_CONVERSION = YES_AGGRESSIVE;
				CLANG_CXX_LANGUAGE_STANDARD = "gnu++14";
				CLANG_CXX_LIBRARY = "libc++";
				CLANG_ENABLE_MODULES = YES;
				CLANG_ENABLE_OBJC_ARC = YES;
				CLANG_ENABLE_OBJC_WEAK = YES;
				CLANG_WARN_BLOCK_CAPTURE_AUTORELEASING = YES;
				CLANG_WARN_BOOL_CONVERSION = YES;
				CLANG_WARN_COMMA = YES;
				CLANG_WARN_CONSTANT_CONVERSION = YES;
				CLANG_WARN_DEPRECATED_OBJC_IMPLEMENTATIONS = YES;
				CLANG_WARN_DIRECT_OBJC_ISA_USAGE = YES_ERROR;
				CLANG_WARN_DOCUMENTATION_COMMENTS = YES;
				CLANG_WARN_EMPTY_BODY = YES;
				CLANG_WARN_ENUM_CONVERSION = YES;
				CLANG_WARN_INFINITE_RECURSION = YES;
				CLANG_WARN_INT_CONVERSION = YES;
				CLANG_WARN_NON_LITERAL_NULL_CONVERSION = YES;
				CLANG_WARN_OBJC_IMPLICIT_RETAIN_SELF = YES;
				CLANG_WARN_OBJC_LITERAL_CONVERSION = YES;
				CLANG_WARN_OBJC_ROOT_CLASS = YES_ERROR;
				CLANG_WARN_RANGE_LOOP_ANALYSIS = YES;
				CLANG_WARN_STRICT_PROTOTYPES = YES;
				CLANG_WARN_SUSPICIOUS_MOVE = YES;
				CLANG_WARN_UNGUARDED_AVAILABILITY = YES_AGGRESSIVE;
				CLANG_WARN_UNREACHABLE_CODE = YES;
				CLANG_WARN__DUPLICATE_METHOD_MATCH = YES;
				CODE_SIGN_IDENTITY = "iPhone Developer";
				COPY_PHASE_STRIP = NO;
				DEBUG_INFORMATION_FORMAT = dwarf;
				ENABLE_STRICT_OBJC_MSGSEND = YES;
				ENABLE_TESTABILITY = YES;
				GCC_C_LANGUAGE_STANDARD = gnu11;
				GCC_DYNAMIC_NO_PIC = NO;
				GCC_NO_COMMON_BLOCKS = YES;
				GCC_OPTIMIZATION_LEVEL = 0;
				GCC_PREPROCESSOR_DEFINITIONS = (
					"DEBUG=1",
					"$(inherited)",
				);
				GCC_WARN_64_TO_32_BIT_CONVERSION = YES;
				GCC_WARN_ABOUT_RETURN_TYPE = YES_ERROR;
				GCC_WARN_UNDECLARED_SELECTOR = YES;
				GCC_WARN_UNINITIALIZED_AUTOS = YES_AGGRESSIVE;
				GCC_WARN_UNUSED_FUNCTION = YES;
				GCC_WARN_UNUSED_VARIABLE = YES;
				IPHONEOS_DEPLOYMENT_TARGET = 12.4;
				MTL_ENABLE_DEBUG_INFO = INCLUDE_SOURCE;
				MTL_FAST_MATH = YES;
				ONLY_ACTIVE_ARCH = YES;
				SDKROOT = iphoneos;
				SWIFT_ACTIVE_COMPILATION_CONDITIONS = DEBUG;
				SWIFT_OPTIMIZATION_LEVEL = "-Onone";
			};
			name = Debug;
		};
		CA32EC1D23A7148D00AAC08B /* Release */ = {
			isa = XCBuildConfiguration;
			buildSettings = {
				ALWAYS_SEARCH_USER_PATHS = NO;
				CLANG_ANALYZER_NONNULL = YES;
				CLANG_ANALYZER_NUMBER_OBJECT_CONVERSION = YES_AGGRESSIVE;
				CLANG_CXX_LANGUAGE_STANDARD = "gnu++14";
				CLANG_CXX_LIBRARY = "libc++";
				CLANG_ENABLE_MODULES = YES;
				CLANG_ENABLE_OBJC_ARC = YES;
				CLANG_ENABLE_OBJC_WEAK = YES;
				CLANG_WARN_BLOCK_CAPTURE_AUTORELEASING = YES;
				CLANG_WARN_BOOL_CONVERSION = YES;
				CLANG_WARN_COMMA = YES;
				CLANG_WARN_CONSTANT_CONVERSION = YES;
				CLANG_WARN_DEPRECATED_OBJC_IMPLEMENTATIONS = YES;
				CLANG_WARN_DIRECT_OBJC_ISA_USAGE = YES_ERROR;
				CLANG_WARN_DOCUMENTATION_COMMENTS = YES;
				CLANG_WARN_EMPTY_BODY = YES;
				CLANG_WARN_ENUM_CONVERSION = YES;
				CLANG_WARN_INFINITE_RECURSION = YES;
				CLANG_WARN_INT_CONVERSION = YES;
				CLANG_WARN_NON_LITERAL_NULL_CONVERSION = YES;
				CLANG_WARN_OBJC_IMPLICIT_RETAIN_SELF = YES;
				CLANG_WARN_OBJC_LITERAL_CONVERSION = YES;
				CLANG_WARN_OBJC_ROOT_CLASS = YES_ERROR;
				CLANG_WARN_RANGE_LOOP_ANALYSIS = YES;
				CLANG_WARN_STRICT_PROTOTYPES = YES;
				CLANG_WARN_SUSPICIOUS_MOVE = YES;
				CLANG_WARN_UNGUARDED_AVAILABILITY = YES_AGGRESSIVE;
				CLANG_WARN_UNREACHABLE_CODE = YES;
				CLANG_WARN__DUPLICATE_METHOD_MATCH = YES;
				CODE_SIGN_IDENTITY = "iPhone Developer";
				COPY_PHASE_STRIP = NO;
				DEBUG_INFORMATION_FORMAT = "dwarf-with-dsym";
				ENABLE_NS_ASSERTIONS = NO;
				ENABLE_STRICT_OBJC_MSGSEND = YES;
				GCC_C_LANGUAGE_STANDARD = gnu11;
				GCC_NO_COMMON_BLOCKS = YES;
				GCC_WARN_64_TO_32_BIT_CONVERSION = YES;
				GCC_WARN_ABOUT_RETURN_TYPE = YES_ERROR;
				GCC_WARN_UNDECLARED_SELECTOR = YES;
				GCC_WARN_UNINITIALIZED_AUTOS = YES_AGGRESSIVE;
				GCC_WARN_UNUSED_FUNCTION = YES;
				GCC_WARN_UNUSED_VARIABLE = YES;
				IPHONEOS_DEPLOYMENT_TARGET = 12.4;
				MTL_ENABLE_DEBUG_INFO = NO;
				MTL_FAST_MATH = YES;
				SDKROOT = iphoneos;
				SWIFT_COMPILATION_MODE = wholemodule;
				SWIFT_OPTIMIZATION_LEVEL = "-O";
				VALIDATE_PRODUCT = YES;
			};
			name = Release;
		};
		CA32EC1F23A7148D00AAC08B /* Debug */ = {
			isa = XCBuildConfiguration;
			buildSettings = {
				ASSETCATALOG_COMPILER_APPICON_NAME = AppIcon;
				CLANG_ENABLE_MODULES = YES;
				CODE_SIGN_STYLE = Automatic;
				DEVELOPMENT_TEAM = 5YPRDD2S5C;
				INFOPLIST_FILE = "Glee Club/Info.plist";
				LD_RUNPATH_SEARCH_PATHS = (
					"$(inherited)",
					"@executable_path/Frameworks",
				);
				PRODUCT_BUNDLE_IDENTIFIER = "edu.usma.eecs.XE401.Glee-Club";
				PRODUCT_NAME = "$(TARGET_NAME)";
				SWIFT_OBJC_BRIDGING_HEADER = "Glee Club/Glee Club-Bridging-Header.h";
				SWIFT_OPTIMIZATION_LEVEL = "-Onone";
				SWIFT_VERSION = 5.0;
				TARGETED_DEVICE_FAMILY = "1,2";
			};
			name = Debug;
		};
		CA32EC2023A7148D00AAC08B /* Release */ = {
			isa = XCBuildConfiguration;
			buildSettings = {
				ASSETCATALOG_COMPILER_APPICON_NAME = AppIcon;
				CLANG_ENABLE_MODULES = YES;
				CODE_SIGN_STYLE = Automatic;
				DEVELOPMENT_TEAM = 5YPRDD2S5C;
				INFOPLIST_FILE = "Glee Club/Info.plist";
				LD_RUNPATH_SEARCH_PATHS = (
					"$(inherited)",
					"@executable_path/Frameworks",
				);
				PRODUCT_BUNDLE_IDENTIFIER = "edu.usma.eecs.XE401.Glee-Club";
				PRODUCT_NAME = "$(TARGET_NAME)";
				SWIFT_OBJC_BRIDGING_HEADER = "Glee Club/Glee Club-Bridging-Header.h";
				SWIFT_VERSION = 5.0;
				TARGETED_DEVICE_FAMILY = "1,2";
			};
			name = Release;
		};
		CA32EC2223A7148D00AAC08B /* Debug */ = {
			isa = XCBuildConfiguration;
			buildSettings = {
				ALWAYS_EMBED_SWIFT_STANDARD_LIBRARIES = YES;
				BUNDLE_LOADER = "$(TEST_HOST)";
				CODE_SIGN_STYLE = Automatic;
				DEVELOPMENT_TEAM = 5YPRDD2S5C;
				INFOPLIST_FILE = "Glee ClubTests/Info.plist";
				LD_RUNPATH_SEARCH_PATHS = (
					"$(inherited)",
					"@executable_path/Frameworks",
					"@loader_path/Frameworks",
				);
				PRODUCT_BUNDLE_IDENTIFIER = "edu.usma.eecs.XE401.Glee-ClubTests";
				PRODUCT_NAME = "$(TARGET_NAME)";
				SWIFT_VERSION = 5.0;
				TARGETED_DEVICE_FAMILY = "1,2";
				TEST_HOST = "$(BUILT_PRODUCTS_DIR)/Glee Club.app/Glee Club";
			};
			name = Debug;
		};
		CA32EC2323A7148D00AAC08B /* Release */ = {
			isa = XCBuildConfiguration;
			buildSettings = {
				ALWAYS_EMBED_SWIFT_STANDARD_LIBRARIES = YES;
				BUNDLE_LOADER = "$(TEST_HOST)";
				CODE_SIGN_STYLE = Automatic;
				DEVELOPMENT_TEAM = 5YPRDD2S5C;
				INFOPLIST_FILE = "Glee ClubTests/Info.plist";
				LD_RUNPATH_SEARCH_PATHS = (
					"$(inherited)",
					"@executable_path/Frameworks",
					"@loader_path/Frameworks",
				);
				PRODUCT_BUNDLE_IDENTIFIER = "edu.usma.eecs.XE401.Glee-ClubTests";
				PRODUCT_NAME = "$(TARGET_NAME)";
				SWIFT_VERSION = 5.0;
				TARGETED_DEVICE_FAMILY = "1,2";
				TEST_HOST = "$(BUILT_PRODUCTS_DIR)/Glee Club.app/Glee Club";
			};
			name = Release;
		};
		CA32EC2523A7148D00AAC08B /* Debug */ = {
			isa = XCBuildConfiguration;
			buildSettings = {
				ALWAYS_EMBED_SWIFT_STANDARD_LIBRARIES = YES;
				CODE_SIGN_STYLE = Automatic;
				DEVELOPMENT_TEAM = 5YPRDD2S5C;
				INFOPLIST_FILE = "Glee ClubUITests/Info.plist";
				LD_RUNPATH_SEARCH_PATHS = (
					"$(inherited)",
					"@executable_path/Frameworks",
					"@loader_path/Frameworks",
				);
				PRODUCT_BUNDLE_IDENTIFIER = "edu.usma.eecs.XE401.Glee-ClubUITests";
				PRODUCT_NAME = "$(TARGET_NAME)";
				SWIFT_VERSION = 5.0;
				TARGETED_DEVICE_FAMILY = "1,2";
				TEST_TARGET_NAME = "Glee Club";
			};
			name = Debug;
		};
		CA32EC2623A7148D00AAC08B /* Release */ = {
			isa = XCBuildConfiguration;
			buildSettings = {
				ALWAYS_EMBED_SWIFT_STANDARD_LIBRARIES = YES;
				CODE_SIGN_STYLE = Automatic;
				DEVELOPMENT_TEAM = 5YPRDD2S5C;
				INFOPLIST_FILE = "Glee ClubUITests/Info.plist";
				LD_RUNPATH_SEARCH_PATHS = (
					"$(inherited)",
					"@executable_path/Frameworks",
					"@loader_path/Frameworks",
				);
				PRODUCT_BUNDLE_IDENTIFIER = "edu.usma.eecs.XE401.Glee-ClubUITests";
				PRODUCT_NAME = "$(TARGET_NAME)";
				SWIFT_VERSION = 5.0;
				TARGETED_DEVICE_FAMILY = "1,2";
				TEST_TARGET_NAME = "Glee Club";
			};
			name = Release;
		};
/* End XCBuildConfiguration section */

/* Begin XCConfigurationList section */
		CA32EBEF23A7148C00AAC08B /* Build configuration list for PBXProject "Glee Club" */ = {
			isa = XCConfigurationList;
			buildConfigurations = (
				CA32EC1C23A7148D00AAC08B /* Debug */,
				CA32EC1D23A7148D00AAC08B /* Release */,
			);
			defaultConfigurationIsVisible = 0;
			defaultConfigurationName = Release;
		};
		CA32EC1E23A7148D00AAC08B /* Build configuration list for PBXNativeTarget "Glee Club" */ = {
			isa = XCConfigurationList;
			buildConfigurations = (
				CA32EC1F23A7148D00AAC08B /* Debug */,
				CA32EC2023A7148D00AAC08B /* Release */,
			);
			defaultConfigurationIsVisible = 0;
			defaultConfigurationName = Release;
		};
		CA32EC2123A7148D00AAC08B /* Build configuration list for PBXNativeTarget "Glee ClubTests" */ = {
			isa = XCConfigurationList;
			buildConfigurations = (
				CA32EC2223A7148D00AAC08B /* Debug */,
				CA32EC2323A7148D00AAC08B /* Release */,
			);
			defaultConfigurationIsVisible = 0;
			defaultConfigurationName = Release;
		};
		CA32EC2423A7148D00AAC08B /* Build configuration list for PBXNativeTarget "Glee ClubUITests" */ = {
			isa = XCConfigurationList;
			buildConfigurations = (
				CA32EC2523A7148D00AAC08B /* Debug */,
				CA32EC2623A7148D00AAC08B /* Release */,
			);
			defaultConfigurationIsVisible = 0;
			defaultConfigurationName = Release;
		};
/* End XCConfigurationList section */
	};
	rootObject = CA32EBEC23A7148C00AAC08B /* Project object */;
}
